// !$*UTF8*$!
{
	archiveVersion = 1;
	classes = {
	};
	objectVersion = 46;
	objects = {

/* Begin PBXBuildFile section */
		BA359EF61E4F092100BC1CF8 /* data.txt in Resources */ = {isa = PBXBuildFile; fileRef = BA359EF51E4F092100BC1CF8 /* data.txt */; };
		BA3900641DB4AEA000E6B181 /* OceanLifeCollectionViewCell.swift in Sources */ = {isa = PBXBuildFile; fileRef = BA3900621DB4AEA000E6B181 /* OceanLifeCollectionViewCell.swift */; };
		BA3900651DB4AEA000E6B181 /* OceanLifeCollectionViewCell.xib in Resources */ = {isa = PBXBuildFile; fileRef = BA3900631DB4AEA000E6B181 /* OceanLifeCollectionViewCell.xib */; };
		BA5E25971E52EC1A00CE43AD /* GoogleService-Info.plist in Resources */ = {isa = PBXBuildFile; fileRef = BA5E25961E52EC1A00CE43AD /* GoogleService-Info.plist */; };
		BA6320D91DB4E12F003DD4F0 /* TestTableViewController.swift in Sources */ = {isa = PBXBuildFile; fileRef = BA6320D81DB4E12F003DD4F0 /* TestTableViewController.swift */; };
		BA6320DB1DB5CC46003DD4F0 /* OceanLifeDetailTableViewCell.xib in Resources */ = {isa = PBXBuildFile; fileRef = BA6320DA1DB5CC46003DD4F0 /* OceanLifeDetailTableViewCell.xib */; };
		BA6320DD1DB5CC85003DD4F0 /* OceanLifeDetailTableViewCell.swift in Sources */ = {isa = PBXBuildFile; fileRef = BA6320DC1DB5CC85003DD4F0 /* OceanLifeDetailTableViewCell.swift */; };
		BA71750E1DB8FEF500BC85BA /* OceanLife.xcdatamodeld in Sources */ = {isa = PBXBuildFile; fileRef = BA71750C1DB8FEF500BC85BA /* OceanLife.xcdatamodeld */; };
		BA73FC711E7BA4C10080C47E /* OceanLifeStructs.swift in Sources */ = {isa = PBXBuildFile; fileRef = BA73FC701E7BA4C10080C47E /* OceanLifeStructs.swift */; };
		BA73FC731E7BB7F30080C47E /* FishIdTabBarController.swift in Sources */ = {isa = PBXBuildFile; fileRef = BA73FC721E7BB7F30080C47E /* FishIdTabBarController.swift */; };
		BA73FC751E7BBB3F0080C47E /* OceanLifeEnums.swift in Sources */ = {isa = PBXBuildFile; fileRef = BA73FC741E7BBB3F0080C47E /* OceanLifeEnums.swift */; };
		BA73FC771E7BBD900080C47E /* OceanLifeUIImage.swift in Sources */ = {isa = PBXBuildFile; fileRef = BA73FC761E7BBD900080C47E /* OceanLifeUIImage.swift */; };
		BA833B621DBF14DE00D0DD68 /* CoreDataManager.swift in Sources */ = {isa = PBXBuildFile; fileRef = BA833B611DBF14DE00D0DD68 /* CoreDataManager.swift */; };
		BA9208D91DB75A2C00D61D74 /* OceanLifeUser.swift in Sources */ = {isa = PBXBuildFile; fileRef = BA9208D81DB75A2C00D61D74 /* OceanLifeUser.swift */; };
		BAB6584C1DC0549300AF9EF3 /* Data_MasterFamillies.swift in Sources */ = {isa = PBXBuildFile; fileRef = BAB6584B1DC0549300AF9EF3 /* Data_MasterFamillies.swift */; };
		BABC96481DB4BED100CC8AA2 /* OceanLifeSpecies.swift in Sources */ = {isa = PBXBuildFile; fileRef = BABC96471DB4BED100CC8AA2 /* OceanLifeSpecies.swift */; };
		BAD2537D1DB1D09E00603FBC /* AppDelegate.swift in Sources */ = {isa = PBXBuildFile; fileRef = BAD2537C1DB1D09E00603FBC /* AppDelegate.swift */; };
		BAD2537F1DB1D09E00603FBC /* OceanLifeViewController.swift in Sources */ = {isa = PBXBuildFile; fileRef = BAD2537E1DB1D09E00603FBC /* OceanLifeViewController.swift */; };
		BAD253821DB1D09E00603FBC /* Main.storyboard in Resources */ = {isa = PBXBuildFile; fileRef = BAD253801DB1D09E00603FBC /* Main.storyboard */; };
		BAD253841DB1D09E00603FBC /* Assets.xcassets in Resources */ = {isa = PBXBuildFile; fileRef = BAD253831DB1D09E00603FBC /* Assets.xcassets */; };
		BAD253871DB1D09E00603FBC /* LaunchScreen.storyboard in Resources */ = {isa = PBXBuildFile; fileRef = BAD253851DB1D09E00603FBC /* LaunchScreen.storyboard */; };
		BAFE98961DC4947C00243E56 /* CsvImporter.swift in Sources */ = {isa = PBXBuildFile; fileRef = BAFE98951DC4947C00243E56 /* CsvImporter.swift */; };
		FD962AE8A017E353D2AC66AF /* Pods_OceanLife.framework in Frameworks */ = {isa = PBXBuildFile; fileRef = 6E1D96CB2065F3BC42C25A29 /* Pods_OceanLife.framework */; };
/* End PBXBuildFile section */

/* Begin PBXFileReference section */
		6E1D96CB2065F3BC42C25A29 /* Pods_OceanLife.framework */ = {isa = PBXFileReference; explicitFileType = wrapper.framework; includeInIndex = 0; path = Pods_OceanLife.framework; sourceTree = BUILT_PRODUCTS_DIR; };
		7CA4724387E745DAB41C27EB /* Pods-OceanLife.debug.xcconfig */ = {isa = PBXFileReference; includeInIndex = 1; lastKnownFileType = text.xcconfig; name = "Pods-OceanLife.debug.xcconfig"; path = "Pods/Target Support Files/Pods-OceanLife/Pods-OceanLife.debug.xcconfig"; sourceTree = "<group>"; };
		B2CD0CB2DDCF76182D00EF8A /* Pods-OceanLife.release.xcconfig */ = {isa = PBXFileReference; includeInIndex = 1; lastKnownFileType = text.xcconfig; name = "Pods-OceanLife.release.xcconfig"; path = "Pods/Target Support Files/Pods-OceanLife/Pods-OceanLife.release.xcconfig"; sourceTree = "<group>"; };
		BA359EF51E4F092100BC1CF8 /* data.txt */ = {isa = PBXFileReference; fileEncoding = 4; lastKnownFileType = text; path = data.txt; sourceTree = "<group>"; };
		BA3900621DB4AEA000E6B181 /* OceanLifeCollectionViewCell.swift */ = {isa = PBXFileReference; fileEncoding = 4; lastKnownFileType = sourcecode.swift; name = OceanLifeCollectionViewCell.swift; path = OceanLife/OceanLifeCollectionViewCell.swift; sourceTree = "<group>"; };
		BA3900631DB4AEA000E6B181 /* OceanLifeCollectionViewCell.xib */ = {isa = PBXFileReference; fileEncoding = 4; lastKnownFileType = file.xib; name = OceanLifeCollectionViewCell.xib; path = OceanLife/OceanLifeCollectionViewCell.xib; sourceTree = "<group>"; };
		BA5E25961E52EC1A00CE43AD /* GoogleService-Info.plist */ = {isa = PBXFileReference; fileEncoding = 4; lastKnownFileType = text.plist.xml; path = "GoogleService-Info.plist"; sourceTree = "<group>"; };
		BA6320D81DB4E12F003DD4F0 /* TestTableViewController.swift */ = {isa = PBXFileReference; fileEncoding = 4; lastKnownFileType = sourcecode.swift; name = TestTableViewController.swift; path = OceanLife/TestTableViewController.swift; sourceTree = "<group>"; };
		BA6320DA1DB5CC46003DD4F0 /* OceanLifeDetailTableViewCell.xib */ = {isa = PBXFileReference; fileEncoding = 4; lastKnownFileType = file.xib; name = OceanLifeDetailTableViewCell.xib; path = OceanLife/OceanLifeDetailTableViewCell.xib; sourceTree = "<group>"; };
		BA6320DC1DB5CC85003DD4F0 /* OceanLifeDetailTableViewCell.swift */ = {isa = PBXFileReference; fileEncoding = 4; lastKnownFileType = sourcecode.swift; name = OceanLifeDetailTableViewCell.swift; path = OceanLife/OceanLifeDetailTableViewCell.swift; sourceTree = "<group>"; };
		BA71750D1DB8FEF500BC85BA /* OceanLife.xcdatamodel */ = {isa = PBXFileReference; lastKnownFileType = wrapper.xcdatamodel; path = OceanLife.xcdatamodel; sourceTree = "<group>"; };
		BA73FC701E7BA4C10080C47E /* OceanLifeStructs.swift */ = {isa = PBXFileReference; fileEncoding = 4; lastKnownFileType = sourcecode.swift; path = OceanLifeStructs.swift; sourceTree = "<group>"; };
		BA73FC721E7BB7F30080C47E /* FishIdTabBarController.swift */ = {isa = PBXFileReference; fileEncoding = 4; lastKnownFileType = sourcecode.swift; path = FishIdTabBarController.swift; sourceTree = "<group>"; };
		BA73FC741E7BBB3F0080C47E /* OceanLifeEnums.swift */ = {isa = PBXFileReference; fileEncoding = 4; lastKnownFileType = sourcecode.swift; path = OceanLifeEnums.swift; sourceTree = "<group>"; };
		BA73FC761E7BBD900080C47E /* OceanLifeUIImage.swift */ = {isa = PBXFileReference; fileEncoding = 4; lastKnownFileType = sourcecode.swift; path = OceanLifeUIImage.swift; sourceTree = "<group>"; };
		BA833B611DBF14DE00D0DD68 /* CoreDataManager.swift */ = {isa = PBXFileReference; fileEncoding = 4; lastKnownFileType = sourcecode.swift; name = CoreDataManager.swift; path = OceanLife/CoreDataManager.swift; sourceTree = "<group>"; };
		BA9208D81DB75A2C00D61D74 /* OceanLifeUser.swift */ = {isa = PBXFileReference; fileEncoding = 4; lastKnownFileType = sourcecode.swift; name = OceanLifeUser.swift; path = OceanLife/OceanLifeUser.swift; sourceTree = "<group>"; };
		BAB6584B1DC0549300AF9EF3 /* Data_MasterFamillies.swift */ = {isa = PBXFileReference; fileEncoding = 4; lastKnownFileType = sourcecode.swift; name = Data_MasterFamillies.swift; path = OceanLife/Data_MasterFamillies.swift; sourceTree = "<group>"; };
		BABC96471DB4BED100CC8AA2 /* OceanLifeSpecies.swift */ = {isa = PBXFileReference; fileEncoding = 4; lastKnownFileType = sourcecode.swift; name = OceanLifeSpecies.swift; path = OceanLife/OceanLifeSpecies.swift; sourceTree = "<group>"; };
		BAD253791DB1D09E00603FBC /* OceanLife.app */ = {isa = PBXFileReference; explicitFileType = wrapper.application; includeInIndex = 0; path = OceanLife.app; sourceTree = BUILT_PRODUCTS_DIR; };
		BAD2537C1DB1D09E00603FBC /* AppDelegate.swift */ = {isa = PBXFileReference; lastKnownFileType = sourcecode.swift; path = AppDelegate.swift; sourceTree = "<group>"; };
		BAD2537E1DB1D09E00603FBC /* OceanLifeViewController.swift */ = {isa = PBXFileReference; lastKnownFileType = sourcecode.swift; name = OceanLifeViewController.swift; path = OceanLife/OceanLifeViewController.swift; sourceTree = "<group>"; };
		BAD253811DB1D09E00603FBC /* Base */ = {isa = PBXFileReference; lastKnownFileType = file.storyboard; name = Base; path = Base.lproj/Main.storyboard; sourceTree = "<group>"; };
		BAD253831DB1D09E00603FBC /* Assets.xcassets */ = {isa = PBXFileReference; lastKnownFileType = folder.assetcatalog; path = Assets.xcassets; sourceTree = "<group>"; };
		BAD253861DB1D09E00603FBC /* Base */ = {isa = PBXFileReference; lastKnownFileType = file.storyboard; name = Base; path = Base.lproj/LaunchScreen.storyboard; sourceTree = "<group>"; };
		BAD253881DB1D09E00603FBC /* Info.plist */ = {isa = PBXFileReference; lastKnownFileType = text.plist.xml; path = Info.plist; sourceTree = "<group>"; };
		BAFE98951DC4947C00243E56 /* CsvImporter.swift */ = {isa = PBXFileReference; fileEncoding = 4; lastKnownFileType = sourcecode.swift; path = CsvImporter.swift; sourceTree = "<group>"; };
/* End PBXFileReference section */

/* Begin PBXFrameworksBuildPhase section */
		BAD253761DB1D09E00603FBC /* Frameworks */ = {
			isa = PBXFrameworksBuildPhase;
			buildActionMask = 2147483647;
			files = (
				FD962AE8A017E353D2AC66AF /* Pods_OceanLife.framework in Frameworks */,
			);
			runOnlyForDeploymentPostprocessing = 0;
		};
/* End PBXFrameworksBuildPhase section */

/* Begin PBXGroup section */
		51076599B219AE09CA9EBF90 /* Frameworks */ = {
			isa = PBXGroup;
			children = (
				6E1D96CB2065F3BC42C25A29 /* Pods_OceanLife.framework */,
			);
			name = Frameworks;
			sourceTree = "<group>";
		};
		BA1EEF4D1DB4A8F5000BD986 /* Xibs */ = {
			isa = PBXGroup;
			children = (
				BA3900631DB4AEA000E6B181 /* OceanLifeCollectionViewCell.xib */,
				BA6320DA1DB5CC46003DD4F0 /* OceanLifeDetailTableViewCell.xib */,
			);
			name = Xibs;
			sourceTree = "<group>";
		};
		BA1EEF4E1DB4A900000BD986 /* Cells */ = {
			isa = PBXGroup;
			children = (
				BA3900621DB4AEA000E6B181 /* OceanLifeCollectionViewCell.swift */,
				BA6320DC1DB5CC85003DD4F0 /* OceanLifeDetailTableViewCell.swift */,
			);
			name = Cells;
			sourceTree = "<group>";
		};
		BA6320D71DB4DFEF003DD4F0 /* View Controllers */ = {
			isa = PBXGroup;
			children = (
				BAD2537E1DB1D09E00603FBC /* OceanLifeViewController.swift */,
				BA6320D81DB4E12F003DD4F0 /* TestTableViewController.swift */,
				BA73FC721E7BB7F30080C47E /* FishIdTabBarController.swift */,
			);
			name = "View Controllers";
			sourceTree = "<group>";
		};
		BA6320DE1DB5D56C003DD4F0 /* Storyboards */ = {
			isa = PBXGroup;
			children = (
				BAD253851DB1D09E00603FBC /* LaunchScreen.storyboard */,
				BAD253801DB1D09E00603FBC /* Main.storyboard */,
			);
			name = Storyboards;
			sourceTree = "<group>";
		};
		BA71750B1DB8FECE00BC85BA /* DataManagement */ = {
			isa = PBXGroup;
			children = (
				BA833B611DBF14DE00D0DD68 /* CoreDataManager.swift */,
				BAFE98951DC4947C00243E56 /* CsvImporter.swift */,
				BA359EF51E4F092100BC1CF8 /* data.txt */,
				BAB6584B1DC0549300AF9EF3 /* Data_MasterFamillies.swift */,
				BA71750C1DB8FEF500BC85BA /* OceanLife.xcdatamodeld */,
			);
			name = DataManagement;
			sourceTree = "<group>";
		};
		BA9208DA1DB75A3200D61D74 /* Singletons */ = {
			isa = PBXGroup;
			children = (
				BABC96471DB4BED100CC8AA2 /* OceanLifeSpecies.swift */,
				BA9208D81DB75A2C00D61D74 /* OceanLifeUser.swift */,
			);
			name = Singletons;
			sourceTree = "<group>";
		};
		BAD253701DB1D09E00603FBC = {
			isa = PBXGroup;
			children = (
				BA73FC761E7BBD900080C47E /* OceanLifeUIImage.swift */,
				BA73FC741E7BBB3F0080C47E /* OceanLifeEnums.swift */,
				BA73FC701E7BA4C10080C47E /* OceanLifeStructs.swift */,
				BA1EEF4E1DB4A900000BD986 /* Cells */,
				BA71750B1DB8FECE00BC85BA /* DataManagement */,
				BAD2537B1DB1D09E00603FBC /* OceanLife */,
				BAD2537A1DB1D09E00603FBC /* Products */,
				BA9208DA1DB75A3200D61D74 /* Singletons */,
				BA6320DE1DB5D56C003DD4F0 /* Storyboards */,
				BA6320D71DB4DFEF003DD4F0 /* View Controllers */,
				BA1EEF4D1DB4A8F5000BD986 /* Xibs */,
				DFF219E48538704684F0E47A /* Pods */,
				51076599B219AE09CA9EBF90 /* Frameworks */,
			);
			sourceTree = "<group>";
		};
		BAD2537A1DB1D09E00603FBC /* Products */ = {
			isa = PBXGroup;
			children = (
				BAD253791DB1D09E00603FBC /* OceanLife.app */,
			);
			name = Products;
			sourceTree = "<group>";
		};
		BAD2537B1DB1D09E00603FBC /* OceanLife */ = {
			isa = PBXGroup;
			children = (
				BAD2537C1DB1D09E00603FBC /* AppDelegate.swift */,
				BAD253831DB1D09E00603FBC /* Assets.xcassets */,
				BA5E25961E52EC1A00CE43AD /* GoogleService-Info.plist */,
				BAD253881DB1D09E00603FBC /* Info.plist */,
			);
			path = OceanLife;
			sourceTree = "<group>";
		};
		DFF219E48538704684F0E47A /* Pods */ = {
			isa = PBXGroup;
			children = (
				7CA4724387E745DAB41C27EB /* Pods-OceanLife.debug.xcconfig */,
				B2CD0CB2DDCF76182D00EF8A /* Pods-OceanLife.release.xcconfig */,
			);
			name = Pods;
			sourceTree = "<group>";
		};
/* End PBXGroup section */

/* Begin PBXNativeTarget section */
		BAD253781DB1D09E00603FBC /* OceanLife */ = {
			isa = PBXNativeTarget;
			buildConfigurationList = BAD2538B1DB1D09E00603FBC /* Build configuration list for PBXNativeTarget "OceanLife" */;
			buildPhases = (
				5B061D75223282E182453983 /* [CP] Check Pods Manifest.lock */,
				BAD253751DB1D09E00603FBC /* Sources */,
				BAD253761DB1D09E00603FBC /* Frameworks */,
				BAD253771DB1D09E00603FBC /* Resources */,
				3035273DA4E854D9A655FEAE /* [CP] Embed Pods Frameworks */,
				096BA764005006199B0FF77C /* [CP] Copy Pods Resources */,
			);
			buildRules = (
			);
			dependencies = (
			);
			name = OceanLife;
			productName = OceanLife;
			productReference = BAD253791DB1D09E00603FBC /* OceanLife.app */;
			productType = "com.apple.product-type.application";
		};
/* End PBXNativeTarget section */

/* Begin PBXProject section */
		BAD253711DB1D09E00603FBC /* Project object */ = {
			isa = PBXProject;
			attributes = {
				LastSwiftUpdateCheck = 0800;
				LastUpgradeCheck = 0800;
				ORGANIZATIONNAME = "Paul Addy";
				TargetAttributes = {
					BAD253781DB1D09E00603FBC = {
						CreatedOnToolsVersion = 8.0;
						DevelopmentTeam = 9LWK3GY4G8;
						LastSwiftMigration = 0800;
						ProvisioningStyle = Automatic;
					};
				};
			};
			buildConfigurationList = BAD253741DB1D09E00603FBC /* Build configuration list for PBXProject "OceanLife" */;
			compatibilityVersion = "Xcode 3.2";
			developmentRegion = English;
			hasScannedForEncodings = 0;
			knownRegions = (
				en,
				Base,
			);
			mainGroup = BAD253701DB1D09E00603FBC;
			productRefGroup = BAD2537A1DB1D09E00603FBC /* Products */;
			projectDirPath = "";
			projectRoot = "";
			targets = (
				BAD253781DB1D09E00603FBC /* OceanLife */,
			);
		};
/* End PBXProject section */

/* Begin PBXResourcesBuildPhase section */
		BAD253771DB1D09E00603FBC /* Resources */ = {
			isa = PBXResourcesBuildPhase;
			buildActionMask = 2147483647;
			files = (
				BA3900651DB4AEA000E6B181 /* OceanLifeCollectionViewCell.xib in Resources */,
				BAD253871DB1D09E00603FBC /* LaunchScreen.storyboard in Resources */,
				BAD253841DB1D09E00603FBC /* Assets.xcassets in Resources */,
				BA6320DB1DB5CC46003DD4F0 /* OceanLifeDetailTableViewCell.xib in Resources */,
				BA359EF61E4F092100BC1CF8 /* data.txt in Resources */,
				BAD253821DB1D09E00603FBC /* Main.storyboard in Resources */,
				BA5E25971E52EC1A00CE43AD /* GoogleService-Info.plist in Resources */,
			);
			runOnlyForDeploymentPostprocessing = 0;
		};
/* End PBXResourcesBuildPhase section */

/* Begin PBXShellScriptBuildPhase section */
		096BA764005006199B0FF77C /* [CP] Copy Pods Resources */ = {
			isa = PBXShellScriptBuildPhase;
			buildActionMask = 2147483647;
			files = (
			);
			inputPaths = (
			);
			name = "[CP] Copy Pods Resources";
			outputPaths = (
			);
			runOnlyForDeploymentPostprocessing = 0;
			shellPath = /bin/sh;
			shellScript = "\"${SRCROOT}/Pods/Target Support Files/Pods-OceanLife/Pods-OceanLife-resources.sh\"\n";
			showEnvVarsInLog = 0;
		};
		3035273DA4E854D9A655FEAE /* [CP] Embed Pods Frameworks */ = {
			isa = PBXShellScriptBuildPhase;
			buildActionMask = 2147483647;
			files = (
			);
			inputPaths = (
			);
			name = "[CP] Embed Pods Frameworks";
			outputPaths = (
			);
			runOnlyForDeploymentPostprocessing = 0;
			shellPath = /bin/sh;
			shellScript = "\"${SRCROOT}/Pods/Target Support Files/Pods-OceanLife/Pods-OceanLife-frameworks.sh\"\n";
			showEnvVarsInLog = 0;
		};
		5B061D75223282E182453983 /* [CP] Check Pods Manifest.lock */ = {
			isa = PBXShellScriptBuildPhase;
			buildActionMask = 2147483647;
			files = (
			);
			inputPaths = (
			);
			name = "[CP] Check Pods Manifest.lock";
			outputPaths = (
			);
			runOnlyForDeploymentPostprocessing = 0;
			shellPath = /bin/sh;
			shellScript = "diff \"${PODS_ROOT}/../Podfile.lock\" \"${PODS_ROOT}/Manifest.lock\" > /dev/null\nif [ $? != 0 ] ; then\n    # print error to STDERR\n    echo \"error: The sandbox is not in sync with the Podfile.lock. Run 'pod install' or update your CocoaPods installation.\" >&2\n    exit 1\nfi\n";
			showEnvVarsInLog = 0;
		};
/* End PBXShellScriptBuildPhase section */

/* Begin PBXSourcesBuildPhase section */
		BAD253751DB1D09E00603FBC /* Sources */ = {
			isa = PBXSourcesBuildPhase;
			buildActionMask = 2147483647;
			files = (
				BA73FC711E7BA4C10080C47E /* OceanLifeStructs.swift in Sources */,
				BAB6584C1DC0549300AF9EF3 /* Data_MasterFamillies.swift in Sources */,
				BA73FC731E7BB7F30080C47E /* FishIdTabBarController.swift in Sources */,
				BAD2537F1DB1D09E00603FBC /* OceanLifeViewController.swift in Sources */,
				BA6320DD1DB5CC85003DD4F0 /* OceanLifeDetailTableViewCell.swift in Sources */,
				BA73FC751E7BBB3F0080C47E /* OceanLifeEnums.swift in Sources */,
				BA6320D91DB4E12F003DD4F0 /* TestTableViewController.swift in Sources */,
				BA3900641DB4AEA000E6B181 /* OceanLifeCollectionViewCell.swift in Sources */,
				BA71750E1DB8FEF500BC85BA /* OceanLife.xcdatamodeld in Sources */,
				BAFE98961DC4947C00243E56 /* CsvImporter.swift in Sources */,
				BAD2537D1DB1D09E00603FBC /* AppDelegate.swift in Sources */,
				BABC96481DB4BED100CC8AA2 /* OceanLifeSpecies.swift in Sources */,
				BA833B621DBF14DE00D0DD68 /* CoreDataManager.swift in Sources */,
				BA9208D91DB75A2C00D61D74 /* OceanLifeUser.swift in Sources */,
				BA73FC771E7BBD900080C47E /* OceanLifeUIImage.swift in Sources */,
			);
			runOnlyForDeploymentPostprocessing = 0;
		};
/* End PBXSourcesBuildPhase section */

/* Begin PBXVariantGroup section */
		BAD253801DB1D09E00603FBC /* Main.storyboard */ = {
			isa = PBXVariantGroup;
			children = (
				BAD253811DB1D09E00603FBC /* Base */,
			);
			name = Main.storyboard;
			path = OceanLife;
			sourceTree = "<group>";
		};
		BAD253851DB1D09E00603FBC /* LaunchScreen.storyboard */ = {
			isa = PBXVariantGroup;
			children = (
				BAD253861DB1D09E00603FBC /* Base */,
			);
			name = LaunchScreen.storyboard;
			path = OceanLife;
			sourceTree = "<group>";
		};
/* End PBXVariantGroup section */

/* Begin XCBuildConfiguration section */
		BAD253891DB1D09E00603FBC /* Debug */ = {
			isa = XCBuildConfiguration;
			buildSettings = {
				ALWAYS_SEARCH_USER_PATHS = NO;
				CLANG_ANALYZER_NONNULL = YES;
				CLANG_CXX_LANGUAGE_STANDARD = "gnu++0x";
				CLANG_CXX_LIBRARY = "libc++";
				CLANG_ENABLE_MODULES = YES;
				CLANG_ENABLE_OBJC_ARC = YES;
				CLANG_WARN_BOOL_CONVERSION = YES;
				CLANG_WARN_CONSTANT_CONVERSION = YES;
				CLANG_WARN_DIRECT_OBJC_ISA_USAGE = YES_ERROR;
				CLANG_WARN_DOCUMENTATION_COMMENTS = YES;
				CLANG_WARN_EMPTY_BODY = YES;
				CLANG_WARN_ENUM_CONVERSION = YES;
				CLANG_WARN_INFINITE_RECURSION = YES;
				CLANG_WARN_INT_CONVERSION = YES;
				CLANG_WARN_OBJC_ROOT_CLASS = YES_ERROR;
				CLANG_WARN_SUSPICIOUS_MOVE = YES;
				CLANG_WARN_SUSPICIOUS_MOVES = YES;
				CLANG_WARN_UNREACHABLE_CODE = YES;
				CLANG_WARN__DUPLICATE_METHOD_MATCH = YES;
				"CODE_SIGN_IDENTITY[sdk=iphoneos*]" = "iPhone Developer";
				COPY_PHASE_STRIP = NO;
				DEBUG_INFORMATION_FORMAT = dwarf;
				ENABLE_STRICT_OBJC_MSGSEND = YES;
				ENABLE_TESTABILITY = YES;
				GCC_C_LANGUAGE_STANDARD = gnu99;
				GCC_DYNAMIC_NO_PIC = NO;
				GCC_NO_COMMON_BLOCKS = YES;
				GCC_OPTIMIZATION_LEVEL = 0;
				GCC_PREPROCESSOR_DEFINITIONS = (
					"DEBUG=1",
					"$(inherited)",
				);
				GCC_WARN_64_TO_32_BIT_CONVERSION = YES;
				GCC_WARN_ABOUT_RETURN_TYPE = YES_ERROR;
				GCC_WARN_UNDECLARED_SELECTOR = YES;
				GCC_WARN_UNINITIALIZED_AUTOS = YES_AGGRESSIVE;
				GCC_WARN_UNUSED_FUNCTION = YES;
				GCC_WARN_UNUSED_VARIABLE = YES;
				IPHONEOS_DEPLOYMENT_TARGET = 10.0;
				MTL_ENABLE_DEBUG_INFO = YES;
				ONLY_ACTIVE_ARCH = YES;
				SDKROOT = iphoneos;
				SWIFT_ACTIVE_COMPILATION_CONDITIONS = DEBUG;
				SWIFT_OPTIMIZATION_LEVEL = "-Onone";
			};
			name = Debug;
		};
		BAD2538A1DB1D09E00603FBC /* Release */ = {
			isa = XCBuildConfiguration;
			buildSettings = {
				ALWAYS_SEARCH_USER_PATHS = NO;
				CLANG_ANALYZER_NONNULL = YES;
				CLANG_CXX_LANGUAGE_STANDARD = "gnu++0x";
				CLANG_CXX_LIBRARY = "libc++";
				CLANG_ENABLE_MODULES = YES;
				CLANG_ENABLE_OBJC_ARC = YES;
				CLANG_WARN_BOOL_CONVERSION = YES;
				CLANG_WARN_CONSTANT_CONVERSION = YES;
				CLANG_WARN_DIRECT_OBJC_ISA_USAGE = YES_ERROR;
				CLANG_WARN_DOCUMENTATION_COMMENTS = YES;
				CLANG_WARN_EMPTY_BODY = YES;
				CLANG_WARN_ENUM_CONVERSION = YES;
				CLANG_WARN_INFINITE_RECURSION = YES;
				CLANG_WARN_INT_CONVERSION = YES;
				CLANG_WARN_OBJC_ROOT_CLASS = YES_ERROR;
				CLANG_WARN_SUSPICIOUS_MOVE = YES;
				CLANG_WARN_SUSPICIOUS_MOVES = YES;
				CLANG_WARN_UNREACHABLE_CODE = YES;
				CLANG_WARN__DUPLICATE_METHOD_MATCH = YES;
				"CODE_SIGN_IDENTITY[sdk=iphoneos*]" = "iPhone Developer";
				COPY_PHASE_STRIP = NO;
				DEBUG_INFORMATION_FORMAT = "dwarf-with-dsym";
				ENABLE_NS_ASSERTIONS = NO;
				ENABLE_STRICT_OBJC_MSGSEND = YES;
				GCC_C_LANGUAGE_STANDARD = gnu99;
				GCC_NO_COMMON_BLOCKS = YES;
				GCC_WARN_64_TO_32_BIT_CONVERSION = YES;
				GCC_WARN_ABOUT_RETURN_TYPE = YES_ERROR;
				GCC_WARN_UNDECLARED_SELECTOR = YES;
				GCC_WARN_UNINITIALIZED_AUTOS = YES_AGGRESSIVE;
				GCC_WARN_UNUSED_FUNCTION = YES;
				GCC_WARN_UNUSED_VARIABLE = YES;
				IPHONEOS_DEPLOYMENT_TARGET = 10.0;
				MTL_ENABLE_DEBUG_INFO = NO;
				SDKROOT = iphoneos;
				SWIFT_OPTIMIZATION_LEVEL = "-Owholemodule";
				VALIDATE_PRODUCT = YES;
			};
			name = Release;
		};
		BAD2538C1DB1D09E00603FBC /* Debug */ = {
			isa = XCBuildConfiguration;
			baseConfigurationReference = 7CA4724387E745DAB41C27EB /* Pods-OceanLife.debug.xcconfig */;
			buildSettings = {
				ALWAYS_EMBED_SWIFT_STANDARD_LIBRARIES = YES;
				ASSETCATALOG_COMPILER_APPICON_NAME = AppIcon;
				DEVELOPMENT_TEAM = 9LWK3GY4G8;
				INFOPLIST_FILE = OceanLife/Info.plist;
				LD_RUNPATH_SEARCH_PATHS = "$(inherited) @executable_path/Frameworks";
				PRODUCT_BUNDLE_IDENTIFIER = com.example.OceanLife.1;
				PRODUCT_NAME = "$(TARGET_NAME)";
				SWIFT_VERSION = 3.0;
				TARGETED_DEVICE_FAMILY = "1,2";
			};
			name = Debug;
		};
		BAD2538D1DB1D09E00603FBC /* Release */ = {
			isa = XCBuildConfiguration;
			baseConfigurationReference = B2CD0CB2DDCF76182D00EF8A /* Pods-OceanLife.release.xcconfig */;
			buildSettings = {
				ALWAYS_EMBED_SWIFT_STANDARD_LIBRARIES = YES;
				ASSETCATALOG_COMPILER_APPICON_NAME = AppIcon;
				DEVELOPMENT_TEAM = 9LWK3GY4G8;
				INFOPLIST_FILE = OceanLife/Info.plist;
				LD_RUNPATH_SEARCH_PATHS = "$(inherited) @executable_path/Frameworks";
				PRODUCT_BUNDLE_IDENTIFIER = com.example.OceanLife.1;
				PRODUCT_NAME = "$(TARGET_NAME)";
				SWIFT_VERSION = 3.0;
				TARGETED_DEVICE_FAMILY = "1,2";
			};
			name = Release;
		};
/* End XCBuildConfiguration section */

/* Begin XCConfigurationList section */
		BAD253741DB1D09E00603FBC /* Build configuration list for PBXProject "OceanLife" */ = {
			isa = XCConfigurationList;
			buildConfigurations = (
				BAD253891DB1D09E00603FBC /* Debug */,
				BAD2538A1DB1D09E00603FBC /* Release */,
			);
			defaultConfigurationIsVisible = 0;
			defaultConfigurationName = Release;
		};
		BAD2538B1DB1D09E00603FBC /* Build configuration list for PBXNativeTarget "OceanLife" */ = {
			isa = XCConfigurationList;
			buildConfigurations = (
				BAD2538C1DB1D09E00603FBC /* Debug */,
				BAD2538D1DB1D09E00603FBC /* Release */,
			);
			defaultConfigurationIsVisible = 0;
			defaultConfigurationName = Release;
		};
/* End XCConfigurationList section */

/* Begin XCVersionGroup section */
		BA71750C1DB8FEF500BC85BA /* OceanLife.xcdatamodeld */ = {
			isa = XCVersionGroup;
			children = (
				BA71750D1DB8FEF500BC85BA /* OceanLife.xcdatamodel */,
			);
			currentVersion = BA71750D1DB8FEF500BC85BA /* OceanLife.xcdatamodel */;
			name = OceanLife.xcdatamodeld;
			path = OceanLife/OceanLife.xcdatamodeld;
			sourceTree = "<group>";
			versionGroupType = wrapper.xcdatamodel;
		};
/* End XCVersionGroup section */
	};
	rootObject = BAD253711DB1D09E00603FBC /* Project object */;
}
